
Microsoft Visual Studio Solution File, Format Version 12.00
# Visual Studio Version 17
VisualStudioVersion = 17.11.35327.3
MinimumVisualStudioVersion = 10.0.40219.1
Project("{FAE04EC0-301F-11D3-BF4B-00C04F79EFBC}") = "TradingJournal", "TradingJournal\TradingJournal.csproj", "{DFB91D6E-636A-4295-B674-2CDECB6B7AAD}"
EndProject
Global
	GlobalSection(SolutionConfigurationPlatforms) = preSolution
		Debug|Any CPU = Debug|Any CPU
		Release|Any CPU = Release|Any CPU
	EndGlobalSection
	GlobalSection(ProjectConfigurationPlatforms) = postSolution
		{DFB91D6E-636A-4295-B674-2CDECB6B7AAD}.Debug|Any CPU.ActiveCfg = Debug|Any CPU
		{DFB91D6E-636A-4295-B674-2CDECB6B7AAD}.Debug|Any CPU.Build.0 = Debug|Any CPU
		{DFB91D6E-636A-4295-B674-2CDECB6B7AAD}.Release|Any CPU.ActiveCfg = Release|Any CPU
		{DFB91D6E-636A-4295-B674-2CDECB6B7AAD}.Release|Any CPU.Build.0 = Release|Any CPU
	EndGlobalSection
	GlobalSection(SolutionProperties) = preSolution
		HideSolutionNode = FALSE
	EndGlobalSection
	GlobalSection(ExtensibilityGlobals) = postSolution
		SolutionGuid = {B8D762B0-9313-4D26-93C0-4A84883D8DB4}
	EndGlobalSection
EndGlobal
